// !$*UTF8*$!
{
	archiveVersion = 1;
	classes = {
	};
	objectVersion = 50;
	objects = {

/* Begin PBXBuildFile section */
		4F4A9B5E21463B29008A5A4D /* Pieces.swift in Sources */ = {isa = PBXBuildFile; fileRef = 4F4A9B5D21463B29008A5A4D /* Pieces.swift */; };
		4F4A9B6621471AB9008A5A4D /* Solutions.plist in Resources */ = {isa = PBXBuildFile; fileRef = 4F4A9B6421471AB8008A5A4D /* Solutions.plist */; };
		4FBB9CF82145B7A000F1A618 /* AppDelegate.swift in Sources */ = {isa = PBXBuildFile; fileRef = 4FBB9CF72145B7A000F1A618 /* AppDelegate.swift */; };
		4FBB9CFA2145B7A000F1A618 /* ViewController.swift in Sources */ = {isa = PBXBuildFile; fileRef = 4FBB9CF92145B7A000F1A618 /* ViewController.swift */; };
		4FBB9CFD2145B7A100F1A618 /* Main.storyboard in Resources */ = {isa = PBXBuildFile; fileRef = 4FBB9CFB2145B7A100F1A618 /* Main.storyboard */; };
		4FBB9CFF2145B7A200F1A618 /* Assets.xcassets in Resources */ = {isa = PBXBuildFile; fileRef = 4FBB9CFE2145B7A200F1A618 /* Assets.xcassets */; };
		4FBB9D022145B7A200F1A618 /* LaunchScreen.storyboard in Resources */ = {isa = PBXBuildFile; fileRef = 4FBB9D002145B7A200F1A618 /* LaunchScreen.storyboard */; };
		4FBB9D0D2145B7A200F1A618 /* PentominoTests.swift in Sources */ = {isa = PBXBuildFile; fileRef = 4FBB9D0C2145B7A200F1A618 /* PentominoTests.swift */; };
		4FCD010D214E0109003864CF /* PentominoModel.swift in Sources */ = {isa = PBXBuildFile; fileRef = 4FCD010C214E0109003864CF /* PentominoModel.swift */; };
/* End PBXBuildFile section */

/* Begin PBXContainerItemProxy section */
		4FBB9D092145B7A200F1A618 /* PBXContainerItemProxy */ = {
			isa = PBXContainerItemProxy;
			containerPortal = 4FBB9CEC2145B7A000F1A618 /* Project object */;
			proxyType = 1;
			remoteGlobalIDString = 4FBB9CF32145B7A000F1A618;
			remoteInfo = Pentomino;
		};
/* End PBXContainerItemProxy section */

/* Begin PBXFileReference section */
		4F4A9B5D21463B29008A5A4D /* Pieces.swift */ = {isa = PBXFileReference; lastKnownFileType = sourcecode.swift; path = Pieces.swift; sourceTree = "<group>"; };
		4F4A9B6421471AB8008A5A4D /* Solutions.plist */ = {isa = PBXFileReference; fileEncoding = 4; lastKnownFileType = text.plist.xml; path = Solutions.plist; sourceTree = "<group>"; };
		4FBB9CF42145B7A000F1A618 /* Pentomino.app */ = {isa = PBXFileReference; explicitFileType = wrapper.application; includeInIndex = 0; path = Pentomino.app; sourceTree = BUILT_PRODUCTS_DIR; };
		4FBB9CF72145B7A000F1A618 /* AppDelegate.swift */ = {isa = PBXFileReference; lastKnownFileType = sourcecode.swift; path = AppDelegate.swift; sourceTree = "<group>"; };
		4FBB9CF92145B7A000F1A618 /* ViewController.swift */ = {isa = PBXFileReference; lastKnownFileType = sourcecode.swift; path = ViewController.swift; sourceTree = "<group>"; };
		4FBB9CFC2145B7A100F1A618 /* Base */ = {isa = PBXFileReference; lastKnownFileType = file.storyboard; name = Base; path = Base.lproj/Main.storyboard; sourceTree = "<group>"; };
		4FBB9CFE2145B7A200F1A618 /* Assets.xcassets */ = {isa = PBXFileReference; lastKnownFileType = folder.assetcatalog; path = Assets.xcassets; sourceTree = "<group>"; };
		4FBB9D012145B7A200F1A618 /* Base */ = {isa = PBXFileReference; lastKnownFileType = file.storyboard; name = Base; path = Base.lproj/LaunchScreen.storyboard; sourceTree = "<group>"; };
		4FBB9D032145B7A200F1A618 /* Info.plist */ = {isa = PBXFileReference; lastKnownFileType = text.plist.xml; path = Info.plist; sourceTree = "<group>"; };
		4FBB9D082145B7A200F1A618 /* PentominoTests.xctest */ = {isa = PBXFileReference; explicitFileType = wrapper.cfbundle; includeInIndex = 0; path = PentominoTests.xctest; sourceTree = BUILT_PRODUCTS_DIR; };
		4FBB9D0C2145B7A200F1A618 /* PentominoTests.swift */ = {isa = PBXFileReference; lastKnownFileType = sourcecode.swift; path = PentominoTests.swift; sourceTree = "<group>"; };
		4FBB9D0E2145B7A200F1A618 /* Info.plist */ = {isa = PBXFileReference; lastKnownFileType = text.plist.xml; path = Info.plist; sourceTree = "<group>"; };
		4FCD010C214E0109003864CF /* PentominoModel.swift */ = {isa = PBXFileReference; fileEncoding = 4; lastKnownFileType = sourcecode.swift; path = PentominoModel.swift; sourceTree = "<group>"; };
/* End PBXFileReference section */

/* Begin PBXFrameworksBuildPhase section */
		4FBB9CF12145B7A000F1A618 /* Frameworks */ = {
			isa = PBXFrameworksBuildPhase;
			buildActionMask = 2147483647;
			files = (
			);
			runOnlyForDeploymentPostprocessing = 0;
		};
		4FBB9D052145B7A200F1A618 /* Frameworks */ = {
			isa = PBXFrameworksBuildPhase;
			buildActionMask = 2147483647;
			files = (
			);
			runOnlyForDeploymentPostprocessing = 0;
		};
/* End PBXFrameworksBuildPhase section */

/* Begin PBXGroup section */
		4FBB9CEB2145B7A000F1A618 = {
			isa = PBXGroup;
			children = (
				4FBB9CF62145B7A000F1A618 /* Pentomino */,
				4FBB9D0B2145B7A200F1A618 /* PentominoTests */,
				4FBB9CF52145B7A000F1A618 /* Products */,
			);
			sourceTree = "<group>";
		};
		4FBB9CF52145B7A000F1A618 /* Products */ = {
			isa = PBXGroup;
			children = (
				4FBB9CF42145B7A000F1A618 /* Pentomino.app */,
				4FBB9D082145B7A200F1A618 /* PentominoTests.xctest */,
			);
			name = Products;
			sourceTree = "<group>";
		};
		4FBB9CF62145B7A000F1A618 /* Pentomino */ = {
			isa = PBXGroup;
			children = (
				4FCD010C214E0109003864CF /* PentominoModel.swift */,
				4F4A9B6421471AB8008A5A4D /* Solutions.plist */,
				4FBB9CF72145B7A000F1A618 /* AppDelegate.swift */,
				4FBB9CF92145B7A000F1A618 /* ViewController.swift */,
				4FBB9CFB2145B7A100F1A618 /* Main.storyboard */,
				4FCD01122150661B003864CF /* HintViewController.swift */,
				4F4A9B5D21463B29008A5A4D /* Pieces.swift */,
				4FBB9CFE2145B7A200F1A618 /* Assets.xcassets */,
				4FBB9D002145B7A200F1A618 /* LaunchScreen.storyboard */,
				4FBB9D032145B7A200F1A618 /* Info.plist */,
			);
			path = Pentomino;
			sourceTree = "<group>";
		};
		4FBB9D0B2145B7A200F1A618 /* PentominoTests */ = {
			isa = PBXGroup;
			children = (
				4FBB9D0C2145B7A200F1A618 /* PentominoTests.swift */,
				4FBB9D0E2145B7A200F1A618 /* Info.plist */,
			);
			path = PentominoTests;
			sourceTree = "<group>";
		};
/* End PBXGroup section */

/* Begin PBXNativeTarget section */
		4FBB9CF32145B7A000F1A618 /* Pentomino */ = {
			isa = PBXNativeTarget;
			buildConfigurationList = 4FBB9D112145B7A200F1A618 /* Build configuration list for PBXNativeTarget "Pentomino" */;
			buildPhases = (
				4FBB9CF02145B7A000F1A618 /* Sources */,
				4FBB9CF12145B7A000F1A618 /* Frameworks */,
				4FBB9CF22145B7A000F1A618 /* Resources */,
			);
			buildRules = (
			);
			dependencies = (
			);
			name = Pentomino;
			productName = Pentomino;
			productReference = 4FBB9CF42145B7A000F1A618 /* Pentomino.app */;
			productType = "com.apple.product-type.application";
		};
		4FBB9D072145B7A200F1A618 /* PentominoTests */ = {
			isa = PBXNativeTarget;
			buildConfigurationList = 4FBB9D142145B7A200F1A618 /* Build configuration list for PBXNativeTarget "PentominoTests" */;
			buildPhases = (
				4FBB9D042145B7A200F1A618 /* Sources */,
				4FBB9D052145B7A200F1A618 /* Frameworks */,
				4FBB9D062145B7A200F1A618 /* Resources */,
			);
			buildRules = (
			);
			dependencies = (
				4FBB9D0A2145B7A200F1A618 /* PBXTargetDependency */,
			);
			name = PentominoTests;
			productName = PentominoTests;
			productReference = 4FBB9D082145B7A200F1A618 /* PentominoTests.xctest */;
			productType = "com.apple.product-type.bundle.unit-test";
		};
/* End PBXNativeTarget section */

/* Begin PBXProject section */
		4FBB9CEC2145B7A000F1A618 /* Project object */ = {
			isa = PBXProject;
			attributes = {
				LastSwiftUpdateCheck = 0940;
				LastUpgradeCheck = 0940;
				ORGANIZATIONNAME = "Jackeline Lee";
				TargetAttributes = {
					4FBB9CF32145B7A000F1A618 = {
						CreatedOnToolsVersion = 9.4.1;
					};
					4FBB9D072145B7A200F1A618 = {
						CreatedOnToolsVersion = 9.4.1;
						TestTargetID = 4FBB9CF32145B7A000F1A618;
					};
				};
			};
			buildConfigurationList = 4FBB9CEF2145B7A000F1A618 /* Build configuration list for PBXProject "Pentomino" */;
			compatibilityVersion = "Xcode 9.3";
			developmentRegion = en;
			hasScannedForEncodings = 0;
			knownRegions = (
				en,
				Base,
			);
			mainGroup = 4FBB9CEB2145B7A000F1A618;
			productRefGroup = 4FBB9CF52145B7A000F1A618 /* Products */;
			projectDirPath = "";
			projectRoot = "";
			targets = (
				4FBB9CF32145B7A000F1A618 /* Pentomino */,
				4FBB9D072145B7A200F1A618 /* PentominoTests */,
			);
		};
/* End PBXProject section */

/* Begin PBXResourcesBuildPhase section */
		4FBB9CF22145B7A000F1A618 /* Resources */ = {
			isa = PBXResourcesBuildPhase;
			buildActionMask = 2147483647;
			files = (
				4FBB9D022145B7A200F1A618 /* LaunchScreen.storyboard in Resources */,
				4F4A9B6621471AB9008A5A4D /* Solutions.plist in Resources */,
				4FBB9CFF2145B7A200F1A618 /* Assets.xcassets in Resources */,
				4FBB9CFD2145B7A100F1A618 /* Main.storyboard in Resources */,
			);
			runOnlyForDeploymentPostprocessing = 0;
		};
		4FBB9D062145B7A200F1A618 /* Resources */ = {
			isa = PBXResourcesBuildPhase;
			buildActionMask = 2147483647;
			files = (
			);
			runOnlyForDeploymentPostprocessing = 0;
		};
/* End PBXResourcesBuildPhase section */

/* Begin PBXSourcesBuildPhase section */
		4FBB9CF02145B7A000F1A618 /* Sources */ = {
			isa = PBXSourcesBuildPhase;
			buildActionMask = 2147483647;
			files = (
				4FCD011121505390003864CF /* PentominoModel.swift in Sources */,
				4F4A9B5E21463B29008A5A4D /* Pieces.swift in Sources */,
				4FCD010D214E0109003864CF /* PentominoModel.swift in Sources */,
				4FBB9CFA2145B7A000F1A618 /* ViewController.swift in Sources */,
				4FBB9CF82145B7A000F1A618 /* AppDelegate.swift in Sources */,
			);
			runOnlyForDeploymentPostprocessing = 0;
		};
		4FBB9D042145B7A200F1A618 /* Sources */ = {
			isa = PBXSourcesBuildPhase;
			buildActionMask = 2147483647;
			files = (
				4FBB9D0D2145B7A200F1A618 /* PentominoTests.swift in Sources */,
			);
			runOnlyForDeploymentPostprocessing = 0;
		};
/* End PBXSourcesBuildPhase section */

/* Begin PBXTargetDependency section */
		4FBB9D0A2145B7A200F1A618 /* PBXTargetDependency */ = {
			isa = PBXTargetDependency;
			target = 4FBB9CF32145B7A000F1A618 /* Pentomino */;
			targetProxy = 4FBB9D092145B7A200F1A618 /* PBXContainerItemProxy */;
		};
/* End PBXTargetDependency section */

/* Begin PBXVariantGroup section */
		4FBB9CFB2145B7A100F1A618 /* Main.storyboard */ = {
			isa = PBXVariantGroup;
			children = (
				4FBB9CFC2145B7A100F1A618 /* Base */,
			);
			name = Main.storyboard;
			sourceTree = "<group>";
		};
		4FBB9D002145B7A200F1A618 /* LaunchScreen.storyboard */ = {
			isa = PBXVariantGroup;
			children = (
				4FBB9D012145B7A200F1A618 /* Base */,
			);
			name = LaunchScreen.storyboard;
			sourceTree = "<group>";
		};
/* End PBXVariantGroup section */

/* Begin XCBuildConfiguration section */
		4FBB9D0F2145B7A200F1A618 /* Debug */ = {
			isa = XCBuildConfiguration;
			buildSettings = {
				ALWAYS_SEARCH_USER_PATHS = NO;
				CLANG_ANALYZER_NONNULL = YES;
				CLANG_ANALYZER_NUMBER_OBJECT_CONVERSION = YES_AGGRESSIVE;
				CLANG_CXX_LANGUAGE_STANDARD = "gnu++14";
				CLANG_CXX_LIBRARY = "libc++";
				CLANG_ENABLE_MODULES = YES;
				CLANG_ENABLE_OBJC_ARC = YES;
				CLANG_ENABLE_OBJC_WEAK = YES;
				CLANG_WARN_BLOCK_CAPTURE_AUTORELEASING = YES;
				CLANG_WARN_BOOL_CONVERSION = YES;
				CLANG_WARN_COMMA = YES;
				CLANG_WARN_CONSTANT_CONVERSION = YES;
				CLANG_WARN_DEPRECATED_OBJC_IMPLEMENTATIONS = YES;
				CLANG_WARN_DIRECT_OBJC_ISA_USAGE = YES_ERROR;
				CLANG_WARN_DOCUMENTATION_COMMENTS = YES;
				CLANG_WARN_EMPTY_BODY = YES;
				CLANG_WARN_ENUM_CONVERSION = YES;
				CLANG_WARN_INFINITE_RECURSION = YES;
				CLANG_WARN_INT_CONVERSION = YES;
				CLANG_WARN_NON_LITERAL_NULL_CONVERSION = YES;
				CLANG_WARN_OBJC_IMPLICIT_RETAIN_SELF = YES;
				CLANG_WARN_OBJC_LITERAL_CONVERSION = YES;
				CLANG_WARN_OBJC_ROOT_CLASS = YES_ERROR;
				CLANG_WARN_RANGE_LOOP_ANALYSIS = YES;
				CLANG_WARN_STRICT_PROTOTYPES = YES;
				CLANG_WARN_SUSPICIOUS_MOVE = YES;
				CLANG_WARN_UNGUARDED_AVAILABILITY = YES_AGGRESSIVE;
				CLANG_WARN_UNREACHABLE_CODE = YES;
				CLANG_WARN__DUPLICATE_METHOD_MATCH = YES;
				CODE_SIGN_IDENTITY = "iPhone Developer";
				COPY_PHASE_STRIP = NO;
				DEBUG_INFORMATION_FORMAT = dwarf;
				ENABLE_STRICT_OBJC_MSGSEND = YES;
				ENABLE_TESTABILITY = YES;
				GCC_C_LANGUAGE_STANDARD = gnu11;
				GCC_DYNAMIC_NO_PIC = NO;
				GCC_NO_COMMON_BLOCKS = YES;
				GCC_OPTIMIZATION_LEVEL = 0;
				GCC_PREPROCESSOR_DEFINITIONS = (
					"DEBUG=1",
					"$(inherited)",
				);
				GCC_WARN_64_TO_32_BIT_CONVERSION = YES;
				GCC_WARN_ABOUT_RETURN_TYPE = YES_ERROR;
				GCC_WARN_UNDECLARED_SELECTOR = YES;
				GCC_WARN_UNINITIALIZED_AUTOS = YES_AGGRESSIVE;
				GCC_WARN_UNUSED_FUNCTION = YES;
				GCC_WARN_UNUSED_VARIABLE = YES;
				IPHONEOS_DEPLOYMENT_TARGET = 11.4;
				MTL_ENABLE_DEBUG_INFO = YES;
				ONLY_ACTIVE_ARCH = YES;
				SDKROOT = iphoneos;
				SWIFT_ACTIVE_COMPILATION_CONDITIONS = DEBUG;
				SWIFT_OPTIMIZATION_LEVEL = "-Onone";
			};
			name = Debug;
		};
		4FBB9D102145B7A200F1A618 /* Release */ = {
			isa = XCBuildConfiguration;
			buildSettings = {
				ALWAYS_SEARCH_USER_PATHS = NO;
				CLANG_ANALYZER_NONNULL = YES;
				CLANG_ANALYZER_NUMBER_OBJECT_CONVERSION = YES_AGGRESSIVE;
				CLANG_CXX_LANGUAGE_STANDARD = "gnu++14";
				CLANG_CXX_LIBRARY = "libc++";
				CLANG_ENABLE_MODULES = YES;
				CLANG_ENABLE_OBJC_ARC = YES;
				CLANG_ENABLE_OBJC_WEAK = YES;
				CLANG_WARN_BLOCK_CAPTURE_AUTORELEASING = YES;
				CLANG_WARN_BOOL_CONVERSION = YES;
				CLANG_WARN_COMMA = YES;
				CLANG_WARN_CONSTANT_CONVERSION = YES;
				CLANG_WARN_DEPRECATED_OBJC_IMPLEMENTATIONS = YES;
				CLANG_WARN_DIRECT_OBJC_ISA_USAGE = YES_ERROR;
				CLANG_WARN_DOCUMENTATION_COMMENTS = YES;
				CLANG_WARN_EMPTY_BODY = YES;
				CLANG_WARN_ENUM_CONVERSION = YES;
				CLANG_WARN_INFINITE_RECURSION = YES;
				CLANG_WARN_INT_CONVERSION = YES;
				CLANG_WARN_NON_LITERAL_NULL_CONVERSION = YES;
				CLANG_WARN_OBJC_IMPLICIT_RETAIN_SELF = YES;
				CLANG_WARN_OBJC_LITERAL_CONVERSION = YES;
				CLANG_WARN_OBJC_ROOT_CLASS = YES_ERROR;
				CLANG_WARN_RANGE_LOOP_ANALYSIS = YES;
				CLANG_WARN_STRICT_PROTOTYPES = YES;
				CLANG_WARN_SUSPICIOUS_MOVE = YES;
				CLANG_WARN_UNGUARDED_AVAILABILITY = YES_AGGRESSIVE;
				CLANG_WARN_UNREACHABLE_CODE = YES;
				CLANG_WARN__DUPLICATE_METHOD_MATCH = YES;
				CODE_SIGN_IDENTITY = "iPhone Developer";
				COPY_PHASE_STRIP = NO;
				DEBUG_INFORMATION_FORMAT = "dwarf-with-dsym";
				ENABLE_NS_ASSERTIONS = NO;
				ENABLE_STRICT_OBJC_MSGSEND = YES;
				GCC_C_LANGUAGE_STANDARD = gnu11;
				GCC_NO_COMMON_BLOCKS = YES;
				GCC_WARN_64_TO_32_BIT_CONVERSION = YES;
				GCC_WARN_ABOUT_RETURN_TYPE = YES_ERROR;
				GCC_WARN_UNDECLARED_SELECTOR = YES;
				GCC_WARN_UNINITIALIZED_AUTOS = YES_AGGRESSIVE;
				GCC_WARN_UNUSED_FUNCTION = YES;
				GCC_WARN_UNUSED_VARIABLE = YES;
				IPHONEOS_DEPLOYMENT_TARGET = 11.4;
				MTL_ENABLE_DEBUG_INFO = NO;
				SDKROOT = iphoneos;
				SWIFT_COMPILATION_MODE = wholemodule;
				SWIFT_OPTIMIZATION_LEVEL = "-O";
				VALIDATE_PRODUCT = YES;
			};
			name = Release;
		};
		4FBB9D122145B7A200F1A618 /* Debug */ = {
			isa = XCBuildConfiguration;
			buildSettings = {
				ASSETCATALOG_COMPILER_APPICON_NAME = AppIcon;
				CODE_SIGN_IDENTITY = "iPhone Developer";
				CODE_SIGN_STYLE = Automatic;
				DEVELOPMENT_TEAM = "";
				INFOPLIST_FILE = Pentomino/Info.plist;
				LD_RUNPATH_SEARCH_PATHS = (
					"$(inherited)",
					"@executable_path/Frameworks",
				);
				PRODUCT_BUNDLE_IDENTIFIER = edu.psu.cse.jcl5470;
				PRODUCT_NAME = "$(TARGET_NAME)";
				PROVISIONING_PROFILE_SPECIFIER = "";
				SWIFT_VERSION = 4.0;
				TARGETED_DEVICE_FAMILY = "1,2";
			};
			name = Debug;
		};
		4FBB9D132145B7A200F1A618 /* Release */ = {
			isa = XCBuildConfiguration;
			buildSettings = {
				ASSETCATALOG_COMPILER_APPICON_NAME = AppIcon;
				CODE_SIGN_IDENTITY = "iPhone Developer";
				CODE_SIGN_STYLE = Automatic;
				DEVELOPMENT_TEAM = "";
				INFOPLIST_FILE = Pentomino/Info.plist;
				LD_RUNPATH_SEARCH_PATHS = (
					"$(inherited)",
					"@executable_path/Frameworks",
				);
				PRODUCT_BUNDLE_IDENTIFIER = edu.psu.cse.jcl5470;
				PRODUCT_NAME = "$(TARGET_NAME)";
				PROVISIONING_PROFILE_SPECIFIER = "";
				SWIFT_VERSION = 4.0;
				TARGETED_DEVICE_FAMILY = "1,2";
			};
			name = Release;
		};
		4FBB9D152145B7A200F1A618 /* Debug */ = {
			isa = XCBuildConfiguration;
			buildSettings = {
				ALWAYS_EMBED_SWIFT_STANDARD_LIBRARIES = YES;
				BUNDLE_LOADER = "$(TEST_HOST)";
				CODE_SIGN_STYLE = Automatic;
				INFOPLIST_FILE = PentominoTests/Info.plist;
				LD_RUNPATH_SEARCH_PATHS = (
					"$(inherited)",
					"@executable_path/Frameworks",
					"@loader_path/Frameworks",
				);
				PRODUCT_BUNDLE_IDENTIFIER = edu.psu.cse.jcl5470.PentominoTests;
				PRODUCT_NAME = "$(TARGET_NAME)";
				SWIFT_VERSION = 4.0;
				TARGETED_DEVICE_FAMILY = "1,2";
				TEST_HOST = "$(BUILT_PRODUCTS_DIR)/Pentomino.app/Pentomino";
			};
			name = Debug;
		};
		4FBB9D162145B7A200F1A618 /* Release */ = {
			isa = XCBuildConfiguration;
			buildSettings = {
				ALWAYS_EMBED_SWIFT_STANDARD_LIBRARIES = YES;
				BUNDLE_LOADER = "$(TEST_HOST)";
				CODE_SIGN_STYLE = Automatic;
				INFOPLIST_FILE = PentominoTests/Info.plist;
				LD_RUNPATH_SEARCH_PATHS = (
					"$(inherited)",
					"@executable_path/Frameworks",
					"@loader_path/Frameworks",
				);
				PRODUCT_BUNDLE_IDENTIFIER = edu.psu.cse.jcl5470.PentominoTests;
				PRODUCT_NAME = "$(TARGET_NAME)";
				SWIFT_VERSION = 4.0;
				TARGETED_DEVICE_FAMILY = "1,2";
				TEST_HOST = "$(BUILT_PRODUCTS_DIR)/Pentomino.app/Pentomino";
			};
			name = Release;
		};
/* End XCBuildConfiguration section */

/* Begin XCConfigurationList section */
		4FBB9CEF2145B7A000F1A618 /* Build configuration list for PBXProject "Pentomino" */ = {
			isa = XCConfigurationList;
			buildConfigurations = (
				4FBB9D0F2145B7A200F1A618 /* Debug */,
				4FBB9D102145B7A200F1A618 /* Release */,
			);
			defaultConfigurationIsVisible = 0;
			defaultConfigurationName = Release;
		};
		4FBB9D112145B7A200F1A618 /* Build configuration list for PBXNativeTarget "Pentomino" */ = {
			isa = XCConfigurationList;
			buildConfigurations = (
				4FBB9D122145B7A200F1A618 /* Debug */,
				4FBB9D132145B7A200F1A618 /* Release */,
			);
			defaultConfigurationIsVisible = 0;
			defaultConfigurationName = Release;
		};
		4FBB9D142145B7A200F1A618 /* Build configuration list for PBXNativeTarget "PentominoTests" */ = {
			isa = XCConfigurationList;
			buildConfigurations = (
				4FBB9D152145B7A200F1A618 /* Debug */,
				4FBB9D162145B7A200F1A618 /* Release */,
			);
			defaultConfigurationIsVisible = 0;
			defaultConfigurationName = Release;
		};
/* End XCConfigurationList section */
	};
	rootObject = 4FBB9CEC2145B7A000F1A618 /* Project object */;
}
